
Microsoft Visual Studio Solution File, Format Version 12.00
# Visual Studio Version 17
VisualStudioVersion = 17.14.36623.8
MinimumVisualStudioVersion = 10.0.40219.1
Project("{FAE04EC0-301F-11D3-BF4B-00C04F79EFBC}") = "SOMIOD", "projeto-is\SOMIOD.csproj", "{1094B48F-97C7-41DF-94C8-F5C700B87936}"
EndProject
Project("{FAE04EC0-301F-11D3-BF4B-00C04F79EFBC}") = "ApplicationB", "ApplicationB\ApplicationB.csproj", "{4657C04D-DA8B-4A47-9D04-770FC2EDE9A5}"
EndProject
Project("{FAE04EC0-301F-11D3-BF4B-00C04F79EFBC}") = "ApplicationA", "ApplicationA\ApplicationA.csproj", "{B1E5C67A-83BC-43D4-9E1D-9487E4EC3523}"
EndProject
Global
	GlobalSection(SolutionConfigurationPlatforms) = preSolution
		Debug|Any CPU = Debug|Any CPU
		Release|Any CPU = Release|Any CPU
	EndGlobalSection
	GlobalSection(ProjectConfigurationPlatforms) = postSolution
		{1094B48F-97C7-41DF-94C8-F5C700B87936}.Debug|Any CPU.ActiveCfg = Debug|Any CPU
		{1094B48F-97C7-41DF-94C8-F5C700B87936}.Debug|Any CPU.Build.0 = Debug|Any CPU
		{1094B48F-97C7-41DF-94C8-F5C700B87936}.Release|Any CPU.ActiveCfg = Release|Any CPU
		{1094B48F-97C7-41DF-94C8-F5C700B87936}.Release|Any CPU.Build.0 = Release|Any CPU
		{4657C04D-DA8B-4A47-9D04-770FC2EDE9A5}.Debug|Any CPU.ActiveCfg = Debug|Any CPU
		{4657C04D-DA8B-4A47-9D04-770FC2EDE9A5}.Debug|Any CPU.Build.0 = Debug|Any CPU
		{4657C04D-DA8B-4A47-9D04-770FC2EDE9A5}.Release|Any CPU.ActiveCfg = Release|Any CPU
		{4657C04D-DA8B-4A47-9D04-770FC2EDE9A5}.Release|Any CPU.Build.0 = Release|Any CPU
		{B1E5C67A-83BC-43D4-9E1D-9487E4EC3523}.Debug|Any CPU.ActiveCfg = Debug|Any CPU
		{B1E5C67A-83BC-43D4-9E1D-9487E4EC3523}.Debug|Any CPU.Build.0 = Debug|Any CPU
		{B1E5C67A-83BC-43D4-9E1D-9487E4EC3523}.Release|Any CPU.ActiveCfg = Release|Any CPU
		{B1E5C67A-83BC-43D4-9E1D-9487E4EC3523}.Release|Any CPU.Build.0 = Release|Any CPU
	EndGlobalSection
	GlobalSection(SolutionProperties) = preSolution
		HideSolutionNode = FALSE
	EndGlobalSection
	GlobalSection(ExtensibilityGlobals) = postSolution
		SolutionGuid = {5486C74C-F3AE-4931-A821-3D9526DD545E}
	EndGlobalSection
EndGlobal
